
Microsoft Visual Studio Solution File, Format Version 12.00
# Visual Studio Version 17
VisualStudioVersion = 17.7.34018.315
MinimumVisualStudioVersion = 10.0.40219.1
Project("{9A19103F-16F7-4668-BE54-9A1E7A4F7556}") = "IO.AnyEndianReader", "IO.AnyEndianReader\IO.AnyEndianReader.csproj", "{BE24F6CD-0E9C-4E57-AA0A-0CA3D8F75CFE}"
EndProject
Project("{9A19103F-16F7-4668-BE54-9A1E7A4F7556}") = "IO", "IO\IO.csproj", "{34EDFD7B-12DB-4FA0-86EA-7A7D8F417C2A}"
EndProject
Project("{9A19103F-16F7-4668-BE54-9A1E7A4F7556}") = "Drawing", "Drawing\Drawing.csproj", "{E4086613-FA88-4712-858B-898E9A8E8667}"
EndProject
Project("{9A19103F-16F7-4668-BE54-9A1E7A4F7556}") = "Collections", "Collections\Collections.csproj", "{F69CD3F6-BAFF-4625-91C2-F12299D8AF21}"
EndProject
Project("{9A19103F-16F7-4668-BE54-9A1E7A4F7556}") = "Geography", "Geography\Geography.csproj", "{FEA68D27-7DE2-4263-830D-E4D2C46F1708}"
EndProject
Project("{9A19103F-16F7-4668-BE54-9A1E7A4F7556}") = "Drawing.ImageDimensionsDecoder", "Drawing.ImageDimensionsDecoder\Drawing.ImageDimensionsDecoder.csproj", "{0C52E890-8839-4522-9BE6-79104E056111}"
EndProject
Project("{9A19103F-16F7-4668-BE54-9A1E7A4F7556}") = "Serialization", "Serialization\Serialization.csproj", "{C4C54C77-2542-4483-88D3-0E9B31A25A05}"
EndProject
Project("{9A19103F-16F7-4668-BE54-9A1E7A4F7556}") = "Threading", "Threading\Threading.csproj", "{1B0EA48E-35F0-4F78-A2F2-11A1D1C15185}"
EndProject
Project("{9A19103F-16F7-4668-BE54-9A1E7A4F7556}") = "Drawing.ImageProcessing", "Drawing.ImageProcessing\Drawing.ImageProcessing.csproj", "{A5550BAA-FA2F-4AEA-808A-65B3F9EDB10F}"
EndProject
Project("{9A19103F-16F7-4668-BE54-9A1E7A4F7556}") = "Text", "Text\Text.csproj", "{8B0ADF2A-FEFA-41C6-9D96-3E4A3C137D98}"
EndProject
Project("{9A19103F-16F7-4668-BE54-9A1E7A4F7556}") = "IO.CsvReader", "IO.CsvReader\IO.CsvReader.csproj", "{7D3779C9-5EF9-4823-85C9-9E32E63CECE1}"
EndProject
Project("{9A19103F-16F7-4668-BE54-9A1E7A4F7556}") = "Encryption.XXTEA", "Encryption.XXTEA\Encryption.XXTEA.csproj", "{EBDC30AD-1EC0-41F7-8ED5-F4385FB4A91B}"
EndProject
Project("{9A19103F-16F7-4668-BE54-9A1E7A4F7556}") = "Drawing.Quantizers", "Drawing.Quantizers\Drawing.Quantizers.csproj", "{E7DE2518-2726-4791-8492-611E367A5364}"
EndProject
Project("{9A19103F-16F7-4668-BE54-9A1E7A4F7556}") = "Drawing.Common", "Drawing.Common\Drawing.Common.csproj", "{67BF2800-4052-46CF-AFF6-FC77B07E3019}"
EndProject
Project("{9A19103F-16F7-4668-BE54-9A1E7A4F7556}") = "Drawing.Encoders.Gif", "Drawing.Encoders.Gif\Drawing.Encoders.Gif.csproj", "{25F9FAFD-0369-45E0-9EBE-15F33F47776C}"
EndProject
Project("{9A19103F-16F7-4668-BE54-9A1E7A4F7556}") = "Drawing.Encoders.Jpeg", "Drawing.Encoders.Jpeg\Drawing.Encoders.Jpeg.csproj", "{AD635D6D-D114-4E0D-9A1D-8A890BC4CE02}"
EndProject
Project("{9A19103F-16F7-4668-BE54-9A1E7A4F7556}") = "Drawing.Common.GdiPlus", "Drawing.Common.GdiPlus\Drawing.Common.GdiPlus.csproj", "{27610E19-C74B-4B12-B462-89269B413557}"
EndProject
Project("{9A19103F-16F7-4668-BE54-9A1E7A4F7556}") = "Drawing.Common.Skia", "Drawing.Common.Skia\Drawing.Common.Skia.csproj", "{74C8BE6E-AF9D-45CF-B78E-1CA5D40F77EB}"
EndProject
Global
	GlobalSection(SolutionConfigurationPlatforms) = preSolution
		Debug|Any CPU = Debug|Any CPU
		Release|Any CPU = Release|Any CPU
	EndGlobalSection
	GlobalSection(ProjectConfigurationPlatforms) = postSolution
		{BE24F6CD-0E9C-4E57-AA0A-0CA3D8F75CFE}.Debug|Any CPU.ActiveCfg = Debug|Any CPU
		{BE24F6CD-0E9C-4E57-AA0A-0CA3D8F75CFE}.Debug|Any CPU.Build.0 = Debug|Any CPU
		{BE24F6CD-0E9C-4E57-AA0A-0CA3D8F75CFE}.Release|Any CPU.ActiveCfg = Release|Any CPU
		{BE24F6CD-0E9C-4E57-AA0A-0CA3D8F75CFE}.Release|Any CPU.Build.0 = Release|Any CPU
		{34EDFD7B-12DB-4FA0-86EA-7A7D8F417C2A}.Debug|Any CPU.ActiveCfg = Debug|Any CPU
		{34EDFD7B-12DB-4FA0-86EA-7A7D8F417C2A}.Debug|Any CPU.Build.0 = Debug|Any CPU
		{34EDFD7B-12DB-4FA0-86EA-7A7D8F417C2A}.Release|Any CPU.ActiveCfg = Release|Any CPU
		{34EDFD7B-12DB-4FA0-86EA-7A7D8F417C2A}.Release|Any CPU.Build.0 = Release|Any CPU
		{E4086613-FA88-4712-858B-898E9A8E8667}.Debug|Any CPU.ActiveCfg = Debug|Any CPU
		{E4086613-FA88-4712-858B-898E9A8E8667}.Debug|Any CPU.Build.0 = Debug|Any CPU
		{E4086613-FA88-4712-858B-898E9A8E8667}.Release|Any CPU.ActiveCfg = Release|Any CPU
		{E4086613-FA88-4712-858B-898E9A8E8667}.Release|Any CPU.Build.0 = Release|Any CPU
		{F69CD3F6-BAFF-4625-91C2-F12299D8AF21}.Debug|Any CPU.ActiveCfg = Debug|Any CPU
		{F69CD3F6-BAFF-4625-91C2-F12299D8AF21}.Debug|Any CPU.Build.0 = Debug|Any CPU
		{F69CD3F6-BAFF-4625-91C2-F12299D8AF21}.Release|Any CPU.ActiveCfg = Release|Any CPU
		{F69CD3F6-BAFF-4625-91C2-F12299D8AF21}.Release|Any CPU.Build.0 = Release|Any CPU
		{FEA68D27-7DE2-4263-830D-E4D2C46F1708}.Debug|Any CPU.ActiveCfg = Debug|Any CPU
		{FEA68D27-7DE2-4263-830D-E4D2C46F1708}.Debug|Any CPU.Build.0 = Debug|Any CPU
		{FEA68D27-7DE2-4263-830D-E4D2C46F1708}.Release|Any CPU.ActiveCfg = Release|Any CPU
		{FEA68D27-7DE2-4263-830D-E4D2C46F1708}.Release|Any CPU.Build.0 = Release|Any CPU
		{0C52E890-8839-4522-9BE6-79104E056111}.Debug|Any CPU.ActiveCfg = Debug|Any CPU
		{0C52E890-8839-4522-9BE6-79104E056111}.Debug|Any CPU.Build.0 = Debug|Any CPU
		{0C52E890-8839-4522-9BE6-79104E056111}.Release|Any CPU.ActiveCfg = Release|Any CPU
		{0C52E890-8839-4522-9BE6-79104E056111}.Release|Any CPU.Build.0 = Release|Any CPU
		{C4C54C77-2542-4483-88D3-0E9B31A25A05}.Debug|Any CPU.ActiveCfg = Debug|Any CPU
		{C4C54C77-2542-4483-88D3-0E9B31A25A05}.Debug|Any CPU.Build.0 = Debug|Any CPU
		{C4C54C77-2542-4483-88D3-0E9B31A25A05}.Release|Any CPU.ActiveCfg = Release|Any CPU
		{C4C54C77-2542-4483-88D3-0E9B31A25A05}.Release|Any CPU.Build.0 = Release|Any CPU
		{1B0EA48E-35F0-4F78-A2F2-11A1D1C15185}.Debug|Any CPU.ActiveCfg = Debug|Any CPU
		{1B0EA48E-35F0-4F78-A2F2-11A1D1C15185}.Debug|Any CPU.Build.0 = Debug|Any CPU
		{1B0EA48E-35F0-4F78-A2F2-11A1D1C15185}.Release|Any CPU.ActiveCfg = Release|Any CPU
		{1B0EA48E-35F0-4F78-A2F2-11A1D1C15185}.Release|Any CPU.Build.0 = Release|Any CPU
		{A5550BAA-FA2F-4AEA-808A-65B3F9EDB10F}.Debug|Any CPU.ActiveCfg = Debug|Any CPU
		{A5550BAA-FA2F-4AEA-808A-65B3F9EDB10F}.Debug|Any CPU.Build.0 = Debug|Any CPU
		{A5550BAA-FA2F-4AEA-808A-65B3F9EDB10F}.Release|Any CPU.ActiveCfg = Release|Any CPU
		{A5550BAA-FA2F-4AEA-808A-65B3F9EDB10F}.Release|Any CPU.Build.0 = Release|Any CPU
		{8B0ADF2A-FEFA-41C6-9D96-3E4A3C137D98}.Debug|Any CPU.ActiveCfg = Debug|Any CPU
		{8B0ADF2A-FEFA-41C6-9D96-3E4A3C137D98}.Debug|Any CPU.Build.0 = Debug|Any CPU
		{8B0ADF2A-FEFA-41C6-9D96-3E4A3C137D98}.Release|Any CPU.ActiveCfg = Release|Any CPU
		{8B0ADF2A-FEFA-41C6-9D96-3E4A3C137D98}.Release|Any CPU.Build.0 = Release|Any CPU
		{7D3779C9-5EF9-4823-85C9-9E32E63CECE1}.Debug|Any CPU.ActiveCfg = Debug|Any CPU
		{7D3779C9-5EF9-4823-85C9-9E32E63CECE1}.Debug|Any CPU.Build.0 = Debug|Any CPU
		{7D3779C9-5EF9-4823-85C9-9E32E63CECE1}.Release|Any CPU.ActiveCfg = Release|Any CPU
		{7D3779C9-5EF9-4823-85C9-9E32E63CECE1}.Release|Any CPU.Build.0 = Release|Any CPU
		{EBDC30AD-1EC0-41F7-8ED5-F4385FB4A91B}.Debug|Any CPU.ActiveCfg = Debug|Any CPU
		{EBDC30AD-1EC0-41F7-8ED5-F4385FB4A91B}.Debug|Any CPU.Build.0 = Debug|Any CPU
		{EBDC30AD-1EC0-41F7-8ED5-F4385FB4A91B}.Release|Any CPU.ActiveCfg = Release|Any CPU
		{EBDC30AD-1EC0-41F7-8ED5-F4385FB4A91B}.Release|Any CPU.Build.0 = Release|Any CPU
		{E7DE2518-2726-4791-8492-611E367A5364}.Debug|Any CPU.ActiveCfg = Debug|Any CPU
		{E7DE2518-2726-4791-8492-611E367A5364}.Debug|Any CPU.Build.0 = Debug|Any CPU
		{E7DE2518-2726-4791-8492-611E367A5364}.Release|Any CPU.ActiveCfg = Release|Any CPU
		{E7DE2518-2726-4791-8492-611E367A5364}.Release|Any CPU.Build.0 = Release|Any CPU
		{67BF2800-4052-46CF-AFF6-FC77B07E3019}.Debug|Any CPU.ActiveCfg = Debug|Any CPU
		{67BF2800-4052-46CF-AFF6-FC77B07E3019}.Debug|Any CPU.Build.0 = Debug|Any CPU
		{67BF2800-4052-46CF-AFF6-FC77B07E3019}.Release|Any CPU.ActiveCfg = Release|Any CPU
		{67BF2800-4052-46CF-AFF6-FC77B07E3019}.Release|Any CPU.Build.0 = Release|Any CPU
		{25F9FAFD-0369-45E0-9EBE-15F33F47776C}.Debug|Any CPU.ActiveCfg = Debug|Any CPU
		{25F9FAFD-0369-45E0-9EBE-15F33F47776C}.Debug|Any CPU.Build.0 = Debug|Any CPU
		{25F9FAFD-0369-45E0-9EBE-15F33F47776C}.Release|Any CPU.ActiveCfg = Release|Any CPU
		{25F9FAFD-0369-45E0-9EBE-15F33F47776C}.Release|Any CPU.Build.0 = Release|Any CPU
		{AD635D6D-D114-4E0D-9A1D-8A890BC4CE02}.Debug|Any CPU.ActiveCfg = Debug|Any CPU
		{AD635D6D-D114-4E0D-9A1D-8A890BC4CE02}.Debug|Any CPU.Build.0 = Debug|Any CPU
		{AD635D6D-D114-4E0D-9A1D-8A890BC4CE02}.Release|Any CPU.ActiveCfg = Release|Any CPU
		{AD635D6D-D114-4E0D-9A1D-8A890BC4CE02}.Release|Any CPU.Build.0 = Release|Any CPU
		{27610E19-C74B-4B12-B462-89269B413557}.Debug|Any CPU.ActiveCfg = Debug|Any CPU
		{27610E19-C74B-4B12-B462-89269B413557}.Debug|Any CPU.Build.0 = Debug|Any CPU
		{27610E19-C74B-4B12-B462-89269B413557}.Release|Any CPU.ActiveCfg = Release|Any CPU
		{27610E19-C74B-4B12-B462-89269B413557}.Release|Any CPU.Build.0 = Release|Any CPU
		{74C8BE6E-AF9D-45CF-B78E-1CA5D40F77EB}.Debug|Any CPU.ActiveCfg = Debug|Any CPU
		{74C8BE6E-AF9D-45CF-B78E-1CA5D40F77EB}.Debug|Any CPU.Build.0 = Debug|Any CPU
		{74C8BE6E-AF9D-45CF-B78E-1CA5D40F77EB}.Release|Any CPU.ActiveCfg = Release|Any CPU
		{74C8BE6E-AF9D-45CF-B78E-1CA5D40F77EB}.Release|Any CPU.Build.0 = Release|Any CPU
	EndGlobalSection
	GlobalSection(SolutionProperties) = preSolution
		HideSolutionNode = FALSE
	EndGlobalSection
	GlobalSection(ExtensibilityGlobals) = postSolution
		SolutionGuid = {883C0BD4-BAE7-43FA-8DC4-89D2D2459BF9}
	EndGlobalSection
EndGlobal
